
Microsoft Visual Studio Solution File, Format Version 12.00
# Visual Studio 15
VisualStudioVersion = 15.0.33026.149
MinimumVisualStudioVersion = 10.0.40219.1
Project("{FAE04EC0-301F-11D3-BF4B-00C04F79EFBC}") = "DxfToImage", "DxfToImage.csproj", "{13EE0886-E425-4EBF-A08D-9C23B6ABA30A}"
EndProject
Global
	GlobalSection(SolutionConfigurationPlatforms) = preSolution
		Debug|Any CPU = Debug|Any CPU
		Release|Any CPU = Release|Any CPU
	EndGlobalSection
	GlobalSection(ProjectConfigurationPlatforms) = postSolution
		{13EE0886-E425-4EBF-A08D-9C23B6ABA30A}.Debug|Any CPU.ActiveCfg = Debug|Any CPU
		{13EE0886-E425-4EBF-A08D-9C23B6ABA30A}.Debug|Any CPU.Build.0 = Debug|Any CPU
		{13EE0886-E425-4EBF-A08D-9C23B6ABA30A}.Release|Any CPU.ActiveCfg = Release|Any CPU
		{13EE0886-E425-4EBF-A08D-9C23B6ABA30A}.Release|Any CPU.Build.0 = Release|Any CPU
	EndGlobalSection
	GlobalSection(SolutionProperties) = preSolution
		HideSolutionNode = FALSE
	EndGlobalSection
	GlobalSection(ExtensibilityGlobals) = postSolution
		SolutionGuid = {F3562C3B-D378-4666-AA38-6F0CB40BA529}
	EndGlobalSection
EndGlobal
